
Microsoft Visual Studio Solution File, Format Version 12.00
# Visual Studio Version 17
VisualStudioVersion = 17.13.35806.99
MinimumVisualStudioVersion = 10.0.40219.1
Project("{FAE04EC0-301F-11D3-BF4B-00C04F79EFBC}") = "PlatformLogin", "..\PlatformLogin\PlatformLogin\PlatformLogin.csproj", "{B2EEC11C-913D-452C-B99C-19A063FB8E8C}"
EndProject
Project("{FAE04EC0-301F-11D3-BF4B-00C04F79EFBC}") = "Registeration", "Registeration.csproj", "{C05E8B96-CB08-4CB8-AFC0-A1AB02351220}"
EndProject
Global
	GlobalSection(SolutionConfigurationPlatforms) = preSolution
		Debug|Any CPU = Debug|Any CPU
		Release|Any CPU = Release|Any CPU
	EndGlobalSection
	GlobalSection(ProjectConfigurationPlatforms) = postSolution
		{B2EEC11C-913D-452C-B99C-19A063FB8E8C}.Debug|Any CPU.ActiveCfg = Debug|Any CPU
		{B2EEC11C-913D-452C-B99C-19A063FB8E8C}.Debug|Any CPU.Build.0 = Debug|Any CPU
		{B2EEC11C-913D-452C-B99C-19A063FB8E8C}.Release|Any CPU.ActiveCfg = Release|Any CPU
		{B2EEC11C-913D-452C-B99C-19A063FB8E8C}.Release|Any CPU.Build.0 = Release|Any CPU
		{C05E8B96-CB08-4CB8-AFC0-A1AB02351220}.Debug|Any CPU.ActiveCfg = Debug|Any CPU
		{C05E8B96-CB08-4CB8-AFC0-A1AB02351220}.Debug|Any CPU.Build.0 = Debug|Any CPU
		{C05E8B96-CB08-4CB8-AFC0-A1AB02351220}.Release|Any CPU.ActiveCfg = Release|Any CPU
		{C05E8B96-CB08-4CB8-AFC0-A1AB02351220}.Release|Any CPU.Build.0 = Release|Any CPU
	EndGlobalSection
	GlobalSection(SolutionProperties) = preSolution
		HideSolutionNode = FALSE
	EndGlobalSection
	GlobalSection(ExtensibilityGlobals) = postSolution
		SolutionGuid = {665742A7-67C5-40BB-8950-8386A9FC357D}
	EndGlobalSection
EndGlobal
